// !$*UTF8*$!
{
	archiveVersion = 1;
	classes = {
	};
	objectVersion = 46;
	objects = {

/* Begin PBXGroup section */
		1488F50F1ABE63E700E1A1E1 = {
			isa = PBXGroup;
			children = (
			);
			sourceTree = "<group>";
		};
/* End PBXGroup section */

/* Begin PBXProject section */
		1488F5101ABE63E700E1A1E1 /* Project object */ = {
			isa = PBXProject;
			attributes = {
				LastUpgradeCheck = 0610;
			};
			buildConfigurationList = 1488F5131ABE63E700E1A1E1 /* Build configuration list for PBXProject "Waitless" */;
			compatibilityVersion = "Xcode 3.2";
			developmentRegion = English;
			hasScannedForEncodings = 0;
			knownRegions = (
				en,
			);
			mainGroup = 1488F50F1ABE63E700E1A1E1;
			projectDirPath = "";
			projectRoot = "";
			targets = (
			);
		};
/* End PBXProject section */

/* Begin XCBuildConfiguration section */
		1488F5141ABE63E700E1A1E1 /* Debug */ = {
			isa = XCBuildConfiguration;
			buildSettings = {
			};
			name = Debug;
		};
		1488F5151ABE63E700E1A1E1 /* Release */ = {
			isa = XCBuildConfiguration;
			buildSettings = {
			};
			name = Release;
		};
/* End XCBuildConfiguration section */

/* Begin XCConfigurationList section */
		1488F5131ABE63E700E1A1E1 /* Build configuration list for PBXProject "Waitless" */ = {
			isa = XCConfigurationList;
			buildConfigurations = (
				1488F5141ABE63E700E1A1E1 /* Debug */,
				1488F5151ABE63E700E1A1E1 /* Release */,
			);
			defaultConfigurationIsVisible = 0;
			defaultConfigurationName = Release;
		};
/* End XCConfigurationList section */
	};
	rootObject = 1488F5101ABE63E700E1A1E1 /* Project object */;
}
